{
  "name": "src",
  "lockfileVersion": 2,
  "requires": true,
  "packages": {
    "": {
      "dependencies": {
        "lodash.chunk": "^4.2.0"
      }
    },
    "node_modules/lodash.chunk": {
      "version": "4.2.0",
      "resolved": "https://registry.npmjs.org/lodash.chunk/-/lodash.chunk-4.2.0.tgz",
      "integrity": "sha512-ZzydJKfUHJwHa+hF5X66zLFCBrWn5GeF28OHEr4WVWtNDXlQ/IjWKPBiikqKo2ne0+v6JgCgJ0GzJp8k8bHC7w=="
    }
  },
  "dependencies": {
    "lodash.chunk": {
      "version": "4.2.0",
      "resolved": "https://registry.npmjs.org/lodash.chunk/-/lodash.chunk-4.2.0.tgz",
      "integrity": "sha512-ZzydJKfUHJwHa+hF5X66zLFCBrWn5GeF28OHEr4WVWtNDXlQ/IjWKPBiikqKo2ne0+v6JgCgJ0GzJp8k8bHC7w=="
    }
  }
}
